
Microsoft Visual Studio Solution File, Format Version 12.00
# Visual Studio Version 17
VisualStudioVersion = 17.9.34723.18
MinimumVisualStudioVersion = 10.0.40219.1
Project("{FAE04EC0-301F-11D3-BF4B-00C04F79EFBC}") = "AdressBookCorrected", "AdressBookCorrected.csproj", "{884CA99C-B227-46C9-A8AC-8B277E641FA6}"
EndProject
Global
	GlobalSection(SolutionConfigurationPlatforms) = preSolution
		Debug|Any CPU = Debug|Any CPU
		Release|Any CPU = Release|Any CPU
	EndGlobalSection
	GlobalSection(ProjectConfigurationPlatforms) = postSolution
		{884CA99C-B227-46C9-A8AC-8B277E641FA6}.Debug|Any CPU.ActiveCfg = Debug|Any CPU
		{884CA99C-B227-46C9-A8AC-8B277E641FA6}.Debug|Any CPU.Build.0 = Debug|Any CPU
		{884CA99C-B227-46C9-A8AC-8B277E641FA6}.Release|Any CPU.ActiveCfg = Release|Any CPU
		{884CA99C-B227-46C9-A8AC-8B277E641FA6}.Release|Any CPU.Build.0 = Release|Any CPU
	EndGlobalSection
	GlobalSection(SolutionProperties) = preSolution
		HideSolutionNode = FALSE
	EndGlobalSection
	GlobalSection(ExtensibilityGlobals) = postSolution
		SolutionGuid = {1C444AD9-E9E8-4087-ABB6-7FBCBA0CDCB6}
	EndGlobalSection
EndGlobal
